{
  "nodes": {
    "flake-utils": {
      "locked": {
        "lastModified": 1659877975,
        "narHash": "sha256-zllb8aq3YO3h8B/U0/J1WBgAL8EX5yWf5pMj3G0NAmc=",
        "owner": "numtide",
        "repo": "flake-utils",
        "rev": "c0e246b9b83f637f4681389ecabcb2681b4f3af0",
        "type": "github"
      },
      "original": {
        "owner": "numtide",
        "repo": "flake-utils",
        "type": "github"
      }
    },
    "nixpkgs": {
      "locked": {
        "lastModified": 1666782722,
        "narHash": "sha256-q9/tGoFiFPemXO1++Oodp7dHIjm1OsjnqSlaCJeU8hY=",
        "owner": "NixOS",
        "repo": "nixpkgs",
        "rev": "6fc17eb2ba5cc4a7be2330f3052cb331ee1f4dd8",
        "type": "github"
      },
      "original": {
        "id": "nixpkgs",
        "type": "indirect"
      }
    },
    "nrf5-sdk": {
      "flake": false,
      "locked": {
        "narHash": "sha256-pfmhbpgVv5x2ju489XcivguwpnofHbgVA7bFUJRTj08=",
        "type": "tarball",
        "url": "https://www.nordicsemi.com/-/media/Software-and-other-downloads/SDKs/nRF5/Binaries/nRF5SDK153059ac345.zip"
      },
      "original": {
        "type": "tarball",
        "url": "https://www.nordicsemi.com/-/media/Software-and-other-downloads/SDKs/nRF5/Binaries/nRF5SDK153059ac345.zip"
      }
    },
    "python-cstruct": {
      "flake": false,
      "locked": {
        "lastModified": 1666599602,
        "narHash": "sha256-5HO5P7Y7NAFTYxu1QOwZj5oaHMDGnF2Y/YzeZLFSw14=",
        "owner": "andreax79",
        "repo": "python-cstruct",
        "rev": "ecc321bf06fb47d967142c2bc2bb18496e53c0a3",
        "type": "github"
      },
      "original": {
        "owner": "andreax79",
        "ref": "v3.3",
        "repo": "python-cstruct",
        "type": "github"
      }
    },
    "root": {
      "inputs": {
        "flake-utils": "flake-utils",
        "nixpkgs": "nixpkgs",
        "nrf5-sdk": "nrf5-sdk",
        "python-cstruct": "python-cstruct"
      }
    }
  },
  "root": "root",
  "version": 7
}
